// !$*UTF8*$!
{
	archiveVersion = 1;
	classes = {
	};
	objectVersion = 60;
	objects = {

/* Begin PBXBuildFile section */
		471648722AC1316D003097F5 /* SearchController.swift in Sources */ = {isa = PBXBuildFile; fileRef = 471648712AC1316D003097F5 /* SearchController.swift */; };
		4728D4752AC843030091D430 /* searchViewModel.swift in Sources */ = {isa = PBXBuildFile; fileRef = 4728D4742AC843030091D430 /* searchViewModel.swift */; };
		4728D4792AC85A970091D430 /* SearchViewModelTest.swift in Sources */ = {isa = PBXBuildFile; fileRef = 4728D4782AC85A970091D430 /* SearchViewModelTest.swift */; };
		4728D47B2AC86CBE0091D430 /* ResultSearchViewController.swift in Sources */ = {isa = PBXBuildFile; fileRef = 4728D47A2AC86CBE0091D430 /* ResultSearchViewController.swift */; };
		47345E7D2AC6868D00EA67A6 /* UITextView+.swift in Sources */ = {isa = PBXBuildFile; fileRef = 47345E7C2AC6868D00EA67A6 /* UITextView+.swift */; };
		4738F1192AC91F1E0014FD09 /* RecipAPIModel.swift in Sources */ = {isa = PBXBuildFile; fileRef = 4738F1182AC91F1E0014FD09 /* RecipAPIModel.swift */; };
		4738F11B2AC925EC0014FD09 /* Repository.swift in Sources */ = {isa = PBXBuildFile; fileRef = 4738F11A2AC925EC0014FD09 /* Repository.swift */; };
		4738F11E2AC9272E0014FD09 /* APIKey.swift in Sources */ = {isa = PBXBuildFile; fileRef = 4738F11D2AC9272E0014FD09 /* APIKey.swift */; };
		4738F1212AC928FA0014FD09 /* Alamofire in Frameworks */ = {isa = PBXBuildFile; productRef = 4738F1202AC928FA0014FD09 /* Alamofire */; };
		4738F1252AC92F480014FD09 /* APIKeyTest.swift in Sources */ = {isa = PBXBuildFile; fileRef = 4738F1242AC92F480014FD09 /* APIKeyTest.swift */; };
		4777915D2ABF0B6400ABA120 /* UIColor+.swift in Sources */ = {isa = PBXBuildFile; fileRef = 4777915C2ABF0B6400ABA120 /* UIColor+.swift */; };
		4789DF702AC43DA200F31373 /* UIView+.swift in Sources */ = {isa = PBXBuildFile; fileRef = 4789DF6F2AC43DA200F31373 /* UIView+.swift */; };
		479638722AC99B8F00CFFBC6 /* testRepository.swift in Sources */ = {isa = PBXBuildFile; fileRef = 479638712AC99B8F00CFFBC6 /* testRepository.swift */; };
		479638742AC9A02B00CFFBC6 /* RecipJSON.json in Resources */ = {isa = PBXBuildFile; fileRef = 479638732AC9A02B00CFFBC6 /* RecipJSON.json */; };
		479638762AC9A08F00CFFBC6 /* TestCase.swift in Sources */ = {isa = PBXBuildFile; fileRef = 479638752AC9A08F00CFFBC6 /* TestCase.swift */; };
		479638782AC9A3A400CFFBC6 /* MockURLProtocol.swift in Sources */ = {isa = PBXBuildFile; fileRef = 479638772AC9A3A400CFFBC6 /* MockURLProtocol.swift */; };
		4799095B2ABCCD540056753E /* AppDelegate.swift in Sources */ = {isa = PBXBuildFile; fileRef = 4799095A2ABCCD540056753E /* AppDelegate.swift */; };
		4799095D2ABCCD540056753E /* SceneDelegate.swift in Sources */ = {isa = PBXBuildFile; fileRef = 4799095C2ABCCD540056753E /* SceneDelegate.swift */; };
		4799095F2ABCCD540056753E /* ViewController.swift in Sources */ = {isa = PBXBuildFile; fileRef = 4799095E2ABCCD540056753E /* ViewController.swift */; };
		479909652ABCCD540056753E /* Reciplease.xcdatamodeld in Sources */ = {isa = PBXBuildFile; fileRef = 479909632ABCCD540056753E /* Reciplease.xcdatamodeld */; };
		479909672ABCCD550056753E /* Assets.xcassets in Resources */ = {isa = PBXBuildFile; fileRef = 479909662ABCCD550056753E /* Assets.xcassets */; };
		4799096A2ABCCD550056753E /* LaunchScreen.storyboard in Resources */ = {isa = PBXBuildFile; fileRef = 479909682ABCCD550056753E /* LaunchScreen.storyboard */; };
		4799097F2ABCCD550056753E /* RecipleaseUITests.swift in Sources */ = {isa = PBXBuildFile; fileRef = 4799097E2ABCCD550056753E /* RecipleaseUITests.swift */; };
		479909812ABCCD550056753E /* RecipleaseUITestsLaunchTests.swift in Sources */ = {isa = PBXBuildFile; fileRef = 479909802ABCCD550056753E /* RecipleaseUITestsLaunchTests.swift */; };
		47A5C5E32AC532000052BC0D /* UILabel+.swift in Sources */ = {isa = PBXBuildFile; fileRef = 47A5C5E22AC532000052BC0D /* UILabel+.swift */; };
		47A5C5E52AC532DD0052BC0D /* UIButton+.swift in Sources */ = {isa = PBXBuildFile; fileRef = 47A5C5E42AC532DD0052BC0D /* UIButton+.swift */; };
		47A5C5E72AC5342A0052BC0D /* UItextField+.swift in Sources */ = {isa = PBXBuildFile; fileRef = 47A5C5E62AC5342A0052BC0D /* UItextField+.swift */; };
		47C1ACB82ABDA4790049E043 /* TabBarController.swift in Sources */ = {isa = PBXBuildFile; fileRef = 47C1ACB72ABDA4790049E043 /* TabBarController.swift */; };
/* End PBXBuildFile section */

/* Begin PBXContainerItemProxy section */
		479909712ABCCD550056753E /* PBXContainerItemProxy */ = {
			isa = PBXContainerItemProxy;
			containerPortal = 4799094F2ABCCD530056753E /* Project object */;
			proxyType = 1;
			remoteGlobalIDString = 479909562ABCCD540056753E;
			remoteInfo = Reciplease;
		};
		4799097B2ABCCD550056753E /* PBXContainerItemProxy */ = {
			isa = PBXContainerItemProxy;
			containerPortal = 4799094F2ABCCD530056753E /* Project object */;
			proxyType = 1;
			remoteGlobalIDString = 479909562ABCCD540056753E;
			remoteInfo = Reciplease;
		};
/* End PBXContainerItemProxy section */

/* Begin PBXFileReference section */
		471648712AC1316D003097F5 /* SearchController.swift */ = {isa = PBXFileReference; lastKnownFileType = sourcecode.swift; path = SearchController.swift; sourceTree = "<group>"; };
		4728D4742AC843030091D430 /* searchViewModel.swift */ = {isa = PBXFileReference; lastKnownFileType = sourcecode.swift; path = searchViewModel.swift; sourceTree = "<group>"; };
		4728D4782AC85A970091D430 /* SearchViewModelTest.swift */ = {isa = PBXFileReference; lastKnownFileType = sourcecode.swift; path = SearchViewModelTest.swift; sourceTree = "<group>"; };
		4728D47A2AC86CBE0091D430 /* ResultSearchViewController.swift */ = {isa = PBXFileReference; lastKnownFileType = sourcecode.swift; path = ResultSearchViewController.swift; sourceTree = "<group>"; };
		47345E7C2AC6868D00EA67A6 /* UITextView+.swift */ = {isa = PBXFileReference; lastKnownFileType = sourcecode.swift; path = "UITextView+.swift"; sourceTree = "<group>"; };
		4738F1182AC91F1E0014FD09 /* RecipAPIModel.swift */ = {isa = PBXFileReference; lastKnownFileType = sourcecode.swift; path = RecipAPIModel.swift; sourceTree = "<group>"; };
		4738F11A2AC925EC0014FD09 /* Repository.swift */ = {isa = PBXFileReference; lastKnownFileType = sourcecode.swift; path = Repository.swift; sourceTree = "<group>"; };
		4738F11D2AC9272E0014FD09 /* APIKey.swift */ = {isa = PBXFileReference; lastKnownFileType = sourcecode.swift; path = APIKey.swift; sourceTree = "<group>"; };
		4738F1242AC92F480014FD09 /* APIKeyTest.swift */ = {isa = PBXFileReference; lastKnownFileType = sourcecode.swift; path = APIKeyTest.swift; sourceTree = "<group>"; };
		4777915C2ABF0B6400ABA120 /* UIColor+.swift */ = {isa = PBXFileReference; lastKnownFileType = sourcecode.swift; path = "UIColor+.swift"; sourceTree = "<group>"; };
		4789DF6F2AC43DA200F31373 /* UIView+.swift */ = {isa = PBXFileReference; lastKnownFileType = sourcecode.swift; path = "UIView+.swift"; sourceTree = "<group>"; };
		479638712AC99B8F00CFFBC6 /* testRepository.swift */ = {isa = PBXFileReference; lastKnownFileType = sourcecode.swift; path = testRepository.swift; sourceTree = "<group>"; };
		479638732AC9A02B00CFFBC6 /* RecipJSON.json */ = {isa = PBXFileReference; lastKnownFileType = text.json; path = RecipJSON.json; sourceTree = "<group>"; };
		479638752AC9A08F00CFFBC6 /* TestCase.swift */ = {isa = PBXFileReference; lastKnownFileType = sourcecode.swift; path = TestCase.swift; sourceTree = "<group>"; };
		479638772AC9A3A400CFFBC6 /* MockURLProtocol.swift */ = {isa = PBXFileReference; lastKnownFileType = sourcecode.swift; path = MockURLProtocol.swift; sourceTree = "<group>"; };
		479909572ABCCD540056753E /* Reciplease.app */ = {isa = PBXFileReference; explicitFileType = wrapper.application; includeInIndex = 0; path = Reciplease.app; sourceTree = BUILT_PRODUCTS_DIR; };
		4799095A2ABCCD540056753E /* AppDelegate.swift */ = {isa = PBXFileReference; lastKnownFileType = sourcecode.swift; path = AppDelegate.swift; sourceTree = "<group>"; };
		4799095C2ABCCD540056753E /* SceneDelegate.swift */ = {isa = PBXFileReference; lastKnownFileType = sourcecode.swift; path = SceneDelegate.swift; sourceTree = "<group>"; };
		4799095E2ABCCD540056753E /* ViewController.swift */ = {isa = PBXFileReference; lastKnownFileType = sourcecode.swift; path = ViewController.swift; sourceTree = "<group>"; };
		479909642ABCCD540056753E /* Reciplease.xcdatamodel */ = {isa = PBXFileReference; lastKnownFileType = wrapper.xcdatamodel; path = Reciplease.xcdatamodel; sourceTree = "<group>"; };
		479909662ABCCD550056753E /* Assets.xcassets */ = {isa = PBXFileReference; lastKnownFileType = folder.assetcatalog; path = Assets.xcassets; sourceTree = "<group>"; };
		479909692ABCCD550056753E /* Base */ = {isa = PBXFileReference; lastKnownFileType = file.storyboard; name = Base; path = Base.lproj/LaunchScreen.storyboard; sourceTree = "<group>"; };
		4799096B2ABCCD550056753E /* Info.plist */ = {isa = PBXFileReference; lastKnownFileType = text.plist.xml; path = Info.plist; sourceTree = "<group>"; };
		479909702ABCCD550056753E /* RecipleaseTests.xctest */ = {isa = PBXFileReference; explicitFileType = wrapper.cfbundle; includeInIndex = 0; path = RecipleaseTests.xctest; sourceTree = BUILT_PRODUCTS_DIR; };
		4799097A2ABCCD550056753E /* RecipleaseUITests.xctest */ = {isa = PBXFileReference; explicitFileType = wrapper.cfbundle; includeInIndex = 0; path = RecipleaseUITests.xctest; sourceTree = BUILT_PRODUCTS_DIR; };
		4799097E2ABCCD550056753E /* RecipleaseUITests.swift */ = {isa = PBXFileReference; lastKnownFileType = sourcecode.swift; path = RecipleaseUITests.swift; sourceTree = "<group>"; };
		479909802ABCCD550056753E /* RecipleaseUITestsLaunchTests.swift */ = {isa = PBXFileReference; lastKnownFileType = sourcecode.swift; path = RecipleaseUITestsLaunchTests.swift; sourceTree = "<group>"; };
		47A5C5E22AC532000052BC0D /* UILabel+.swift */ = {isa = PBXFileReference; lastKnownFileType = sourcecode.swift; path = "UILabel+.swift"; sourceTree = "<group>"; };
		47A5C5E42AC532DD0052BC0D /* UIButton+.swift */ = {isa = PBXFileReference; lastKnownFileType = sourcecode.swift; path = "UIButton+.swift"; sourceTree = "<group>"; };
		47A5C5E62AC5342A0052BC0D /* UItextField+.swift */ = {isa = PBXFileReference; lastKnownFileType = sourcecode.swift; path = "UItextField+.swift"; sourceTree = "<group>"; };
		47C1ACB72ABDA4790049E043 /* TabBarController.swift */ = {isa = PBXFileReference; lastKnownFileType = sourcecode.swift; path = TabBarController.swift; sourceTree = "<group>"; };
/* End PBXFileReference section */

/* Begin PBXFrameworksBuildPhase section */
		479909542ABCCD540056753E /* Frameworks */ = {
			isa = PBXFrameworksBuildPhase;
			buildActionMask = 2147483647;
			files = (
				4738F1212AC928FA0014FD09 /* Alamofire in Frameworks */,
			);
			runOnlyForDeploymentPostprocessing = 0;
		};
		4799096D2ABCCD550056753E /* Frameworks */ = {
			isa = PBXFrameworksBuildPhase;
			buildActionMask = 2147483647;
			files = (
			);
			runOnlyForDeploymentPostprocessing = 0;
		};
		479909772ABCCD550056753E /* Frameworks */ = {
			isa = PBXFrameworksBuildPhase;
			buildActionMask = 2147483647;
			files = (
			);
			runOnlyForDeploymentPostprocessing = 0;
		};
/* End PBXFrameworksBuildPhase section */

/* Begin PBXGroup section */
		4728D4732AC842DE0091D430 /* Search */ = {
			isa = PBXGroup;
			children = (
				471648712AC1316D003097F5 /* SearchController.swift */,
				4728D4742AC843030091D430 /* searchViewModel.swift */,
			);
			path = Search;
			sourceTree = "<group>";
		};
		4738F11C2AC9270D0014FD09 /* Network */ = {
			isa = PBXGroup;
			children = (
				4738F1182AC91F1E0014FD09 /* RecipAPIModel.swift */,
				4738F11A2AC925EC0014FD09 /* Repository.swift */,
				4738F11D2AC9272E0014FD09 /* APIKey.swift */,
			);
			path = Network;
			sourceTree = "<group>";
		};
		4738F1222AC92EFD0014FD09 /* SearchTest */ = {
			isa = PBXGroup;
			children = (
				4728D4782AC85A970091D430 /* SearchViewModelTest.swift */,
			);
			path = SearchTest;
			sourceTree = "<group>";
		};
		4738F1232AC92F0F0014FD09 /* NetworkTest */ = {
			isa = PBXGroup;
			children = (
				4738F1242AC92F480014FD09 /* APIKeyTest.swift */,
				479638712AC99B8F00CFFBC6 /* testRepository.swift */,
				479638732AC9A02B00CFFBC6 /* RecipJSON.json */,
				479638752AC9A08F00CFFBC6 /* TestCase.swift */,
				479638772AC9A3A400CFFBC6 /* MockURLProtocol.swift */,
			);
			path = NetworkTest;
			sourceTree = "<group>";
		};
		4750F4012ACBC464005FC924 /* ResultSearch */ = {
			isa = PBXGroup;
			children = (
				4728D47A2AC86CBE0091D430 /* ResultSearchViewController.swift */,
			);
			path = ResultSearch;
			sourceTree = "<group>";
		};
		4777915B2ABF0B4F00ABA120 /* Common */ = {
			isa = PBXGroup;
			children = (
				4777915C2ABF0B6400ABA120 /* UIColor+.swift */,
				4789DF6F2AC43DA200F31373 /* UIView+.swift */,
				47A5C5E22AC532000052BC0D /* UILabel+.swift */,
				47A5C5E42AC532DD0052BC0D /* UIButton+.swift */,
				47A5C5E62AC5342A0052BC0D /* UItextField+.swift */,
				47345E7C2AC6868D00EA67A6 /* UITextView+.swift */,
			);
			path = Common;
			sourceTree = "<group>";
		};
		4799094E2ABCCD530056753E = {
			isa = PBXGroup;
			children = (
				479909592ABCCD540056753E /* Reciplease */,
				479909732ABCCD550056753E /* RecipleaseTests */,
				4799097D2ABCCD550056753E /* RecipleaseUITests */,
				479909582ABCCD540056753E /* Products */,
			);
			sourceTree = "<group>";
		};
		479909582ABCCD540056753E /* Products */ = {
			isa = PBXGroup;
			children = (
				479909572ABCCD540056753E /* Reciplease.app */,
				479909702ABCCD550056753E /* RecipleaseTests.xctest */,
				4799097A2ABCCD550056753E /* RecipleaseUITests.xctest */,
			);
			name = Products;
			sourceTree = "<group>";
		};
		479909592ABCCD540056753E /* Reciplease */ = {
			isa = PBXGroup;
			children = (
				4799095A2ABCCD540056753E /* AppDelegate.swift */,
				4799095C2ABCCD540056753E /* SceneDelegate.swift */,
				47C1ACB72ABDA4790049E043 /* TabBarController.swift */,
				4728D4732AC842DE0091D430 /* Search */,
				4750F4012ACBC464005FC924 /* ResultSearch */,
				4777915B2ABF0B4F00ABA120 /* Common */,
				4738F11C2AC9270D0014FD09 /* Network */,
				47C6C9802ABD43110000D50B /* Ressources */,
				4799095E2ABCCD540056753E /* ViewController.swift */,
				479909632ABCCD540056753E /* Reciplease.xcdatamodeld */,
			);
			path = Reciplease;
			sourceTree = "<group>";
		};
		479909732ABCCD550056753E /* RecipleaseTests */ = {
			isa = PBXGroup;
			children = (
				4738F1232AC92F0F0014FD09 /* NetworkTest */,
				4738F1222AC92EFD0014FD09 /* SearchTest */,
			);
			path = RecipleaseTests;
			sourceTree = "<group>";
		};
		4799097D2ABCCD550056753E /* RecipleaseUITests */ = {
			isa = PBXGroup;
			children = (
				4799097E2ABCCD550056753E /* RecipleaseUITests.swift */,
				479909802ABCCD550056753E /* RecipleaseUITestsLaunchTests.swift */,
			);
			path = RecipleaseUITests;
			sourceTree = "<group>";
		};
		47C6C9802ABD43110000D50B /* Ressources */ = {
			isa = PBXGroup;
			children = (
				479909662ABCCD550056753E /* Assets.xcassets */,
				479909682ABCCD550056753E /* LaunchScreen.storyboard */,
				4799096B2ABCCD550056753E /* Info.plist */,
			);
			path = Ressources;
			sourceTree = "<group>";
		};
/* End PBXGroup section */

/* Begin PBXNativeTarget section */
		479909562ABCCD540056753E /* Reciplease */ = {
			isa = PBXNativeTarget;
			buildConfigurationList = 479909842ABCCD550056753E /* Build configuration list for PBXNativeTarget "Reciplease" */;
			buildPhases = (
				479909532ABCCD540056753E /* Sources */,
				479909542ABCCD540056753E /* Frameworks */,
				479909552ABCCD540056753E /* Resources */,
				4799098D2ABCCD5F0056753E /* ShellScript */,
			);
			buildRules = (
			);
			dependencies = (
			);
			name = Reciplease;
			packageProductDependencies = (
				4738F1202AC928FA0014FD09 /* Alamofire */,
			);
			productName = Reciplease;
			productReference = 479909572ABCCD540056753E /* Reciplease.app */;
			productType = "com.apple.product-type.application";
		};
		4799096F2ABCCD550056753E /* RecipleaseTests */ = {
			isa = PBXNativeTarget;
			buildConfigurationList = 479909872ABCCD550056753E /* Build configuration list for PBXNativeTarget "RecipleaseTests" */;
			buildPhases = (
				4799096C2ABCCD550056753E /* Sources */,
				4799096D2ABCCD550056753E /* Frameworks */,
				4799096E2ABCCD550056753E /* Resources */,
			);
			buildRules = (
			);
			dependencies = (
				479909722ABCCD550056753E /* PBXTargetDependency */,
			);
			name = RecipleaseTests;
			productName = RecipleaseTests;
			productReference = 479909702ABCCD550056753E /* RecipleaseTests.xctest */;
			productType = "com.apple.product-type.bundle.unit-test";
		};
		479909792ABCCD550056753E /* RecipleaseUITests */ = {
			isa = PBXNativeTarget;
			buildConfigurationList = 4799098A2ABCCD550056753E /* Build configuration list for PBXNativeTarget "RecipleaseUITests" */;
			buildPhases = (
				479909762ABCCD550056753E /* Sources */,
				479909772ABCCD550056753E /* Frameworks */,
				479909782ABCCD550056753E /* Resources */,
			);
			buildRules = (
			);
			dependencies = (
				4799097C2ABCCD550056753E /* PBXTargetDependency */,
			);
			name = RecipleaseUITests;
			productName = RecipleaseUITests;
			productReference = 4799097A2ABCCD550056753E /* RecipleaseUITests.xctest */;
			productType = "com.apple.product-type.bundle.ui-testing";
		};
/* End PBXNativeTarget section */

/* Begin PBXProject section */
		4799094F2ABCCD530056753E /* Project object */ = {
			isa = PBXProject;
			attributes = {
				BuildIndependentTargetsInParallel = 1;
				LastSwiftUpdateCheck = 1500;
				LastUpgradeCheck = 1500;
				TargetAttributes = {
					479909562ABCCD540056753E = {
						CreatedOnToolsVersion = 15.0;
					};
					4799096F2ABCCD550056753E = {
						CreatedOnToolsVersion = 15.0;
						TestTargetID = 479909562ABCCD540056753E;
					};
					479909792ABCCD550056753E = {
						CreatedOnToolsVersion = 15.0;
						TestTargetID = 479909562ABCCD540056753E;
					};
				};
			};
			buildConfigurationList = 479909522ABCCD530056753E /* Build configuration list for PBXProject "Reciplease" */;
			compatibilityVersion = "Xcode 15.0";
			developmentRegion = en;
			hasScannedForEncodings = 0;
			knownRegions = (
				en,
				Base,
			);
			mainGroup = 4799094E2ABCCD530056753E;
			packageReferences = (
				4738F11F2AC928FA0014FD09 /* XCRemoteSwiftPackageReference "Alamofire" */,
			);
			productRefGroup = 479909582ABCCD540056753E /* Products */;
			projectDirPath = "";
			projectRoot = "";
			targets = (
				479909562ABCCD540056753E /* Reciplease */,
				4799096F2ABCCD550056753E /* RecipleaseTests */,
				479909792ABCCD550056753E /* RecipleaseUITests */,
			);
		};
/* End PBXProject section */

/* Begin PBXResourcesBuildPhase section */
		479909552ABCCD540056753E /* Resources */ = {
			isa = PBXResourcesBuildPhase;
			buildActionMask = 2147483647;
			files = (
				4799096A2ABCCD550056753E /* LaunchScreen.storyboard in Resources */,
				479909672ABCCD550056753E /* Assets.xcassets in Resources */,
			);
			runOnlyForDeploymentPostprocessing = 0;
		};
		4799096E2ABCCD550056753E /* Resources */ = {
			isa = PBXResourcesBuildPhase;
			buildActionMask = 2147483647;
			files = (
				479638742AC9A02B00CFFBC6 /* RecipJSON.json in Resources */,
			);
			runOnlyForDeploymentPostprocessing = 0;
		};
		479909782ABCCD550056753E /* Resources */ = {
			isa = PBXResourcesBuildPhase;
			buildActionMask = 2147483647;
			files = (
			);
			runOnlyForDeploymentPostprocessing = 0;
		};
/* End PBXResourcesBuildPhase section */

/* Begin PBXShellScriptBuildPhase section */
		4799098D2ABCCD5F0056753E /* ShellScript */ = {
			isa = PBXShellScriptBuildPhase;
			alwaysOutOfDate = 1;
			buildActionMask = 2147483647;
			files = (
			);
			inputFileListPaths = (
			);
			inputPaths = (
			);
			outputFileListPaths = (
			);
			outputPaths = (
			);
			runOnlyForDeploymentPostprocessing = 0;
			shellPath = /bin/sh;
			shellScript = "if [[ \"$(uname -m)\" == arm64 ]]; then\n    export PATH=\"/opt/homebrew/bin:$PATH\"\nfi\n\nif which swiftlint > /dev/null; then\n  swiftlint\nelse\n  echo \"warning: SwiftLint not installed, download from https://github.com/realm/SwiftLint\"\nfi\n";
		};
/* End PBXShellScriptBuildPhase section */

/* Begin PBXSourcesBuildPhase section */
		479909532ABCCD540056753E /* Sources */ = {
			isa = PBXSourcesBuildPhase;
			buildActionMask = 2147483647;
			files = (
				4738F1192AC91F1E0014FD09 /* RecipAPIModel.swift in Sources */,
				479909652ABCCD540056753E /* Reciplease.xcdatamodeld in Sources */,
				4728D4752AC843030091D430 /* searchViewModel.swift in Sources */,
				4728D47B2AC86CBE0091D430 /* ResultSearchViewController.swift in Sources */,
				47345E7D2AC6868D00EA67A6 /* UITextView+.swift in Sources */,
				47A5C5E72AC5342A0052BC0D /* UItextField+.swift in Sources */,
				4799095F2ABCCD540056753E /* ViewController.swift in Sources */,
				4789DF702AC43DA200F31373 /* UIView+.swift in Sources */,
				4799095B2ABCCD540056753E /* AppDelegate.swift in Sources */,
				47A5C5E32AC532000052BC0D /* UILabel+.swift in Sources */,
				471648722AC1316D003097F5 /* SearchController.swift in Sources */,
				4738F11B2AC925EC0014FD09 /* Repository.swift in Sources */,
				47C1ACB82ABDA4790049E043 /* TabBarController.swift in Sources */,
				4799095D2ABCCD540056753E /* SceneDelegate.swift in Sources */,
				4777915D2ABF0B6400ABA120 /* UIColor+.swift in Sources */,
				47A5C5E52AC532DD0052BC0D /* UIButton+.swift in Sources */,
				4738F11E2AC9272E0014FD09 /* APIKey.swift in Sources */,
			);
			runOnlyForDeploymentPostprocessing = 0;
		};
		4799096C2ABCCD550056753E /* Sources */ = {
			isa = PBXSourcesBuildPhase;
			buildActionMask = 2147483647;
			files = (
				4738F1252AC92F480014FD09 /* APIKeyTest.swift in Sources */,
				479638762AC9A08F00CFFBC6 /* TestCase.swift in Sources */,
				479638782AC9A3A400CFFBC6 /* MockURLProtocol.swift in Sources */,
				4728D4792AC85A970091D430 /* SearchViewModelTest.swift in Sources */,
				479638722AC99B8F00CFFBC6 /* testRepository.swift in Sources */,
			);
			runOnlyForDeploymentPostprocessing = 0;
		};
		479909762ABCCD550056753E /* Sources */ = {
			isa = PBXSourcesBuildPhase;
			buildActionMask = 2147483647;
			files = (
				4799097F2ABCCD550056753E /* RecipleaseUITests.swift in Sources */,
				479909812ABCCD550056753E /* RecipleaseUITestsLaunchTests.swift in Sources */,
			);
			runOnlyForDeploymentPostprocessing = 0;
		};
/* End PBXSourcesBuildPhase section */

/* Begin PBXTargetDependency section */
		479909722ABCCD550056753E /* PBXTargetDependency */ = {
			isa = PBXTargetDependency;
			target = 479909562ABCCD540056753E /* Reciplease */;
			targetProxy = 479909712ABCCD550056753E /* PBXContainerItemProxy */;
		};
		4799097C2ABCCD550056753E /* PBXTargetDependency */ = {
			isa = PBXTargetDependency;
			target = 479909562ABCCD540056753E /* Reciplease */;
			targetProxy = 4799097B2ABCCD550056753E /* PBXContainerItemProxy */;
		};
/* End PBXTargetDependency section */

/* Begin PBXVariantGroup section */
		479909682ABCCD550056753E /* LaunchScreen.storyboard */ = {
			isa = PBXVariantGroup;
			children = (
				479909692ABCCD550056753E /* Base */,
			);
			name = LaunchScreen.storyboard;
			sourceTree = "<group>";
		};
/* End PBXVariantGroup section */

/* Begin XCBuildConfiguration section */
		479909822ABCCD550056753E /* Debug */ = {
			isa = XCBuildConfiguration;
			buildSettings = {
				ALWAYS_SEARCH_USER_PATHS = NO;
				ASSETCATALOG_COMPILER_GENERATE_SWIFT_ASSET_SYMBOL_EXTENSIONS = YES;
				CLANG_ANALYZER_NONNULL = YES;
				CLANG_ANALYZER_NUMBER_OBJECT_CONVERSION = YES_AGGRESSIVE;
				CLANG_CXX_LANGUAGE_STANDARD = "gnu++20";
				CLANG_ENABLE_MODULES = YES;
				CLANG_ENABLE_OBJC_ARC = YES;
				CLANG_ENABLE_OBJC_WEAK = YES;
				CLANG_WARN_BLOCK_CAPTURE_AUTORELEASING = YES;
				CLANG_WARN_BOOL_CONVERSION = YES;
				CLANG_WARN_COMMA = YES;
				CLANG_WARN_CONSTANT_CONVERSION = YES;
				CLANG_WARN_DEPRECATED_OBJC_IMPLEMENTATIONS = YES;
				CLANG_WARN_DIRECT_OBJC_ISA_USAGE = YES_ERROR;
				CLANG_WARN_DOCUMENTATION_COMMENTS = YES;
				CLANG_WARN_EMPTY_BODY = YES;
				CLANG_WARN_ENUM_CONVERSION = YES;
				CLANG_WARN_INFINITE_RECURSION = YES;
				CLANG_WARN_INT_CONVERSION = YES;
				CLANG_WARN_NON_LITERAL_NULL_CONVERSION = YES;
				CLANG_WARN_OBJC_IMPLICIT_RETAIN_SELF = YES;
				CLANG_WARN_OBJC_LITERAL_CONVERSION = YES;
				CLANG_WARN_OBJC_ROOT_CLASS = YES_ERROR;
				CLANG_WARN_QUOTED_INCLUDE_IN_FRAMEWORK_HEADER = YES;
				CLANG_WARN_RANGE_LOOP_ANALYSIS = YES;
				CLANG_WARN_STRICT_PROTOTYPES = YES;
				CLANG_WARN_SUSPICIOUS_MOVE = YES;
				CLANG_WARN_UNGUARDED_AVAILABILITY = YES_AGGRESSIVE;
				CLANG_WARN_UNREACHABLE_CODE = YES;
				CLANG_WARN__DUPLICATE_METHOD_MATCH = YES;
				COPY_PHASE_STRIP = NO;
				DEBUG_INFORMATION_FORMAT = dwarf;
				ENABLE_STRICT_OBJC_MSGSEND = YES;
				ENABLE_TESTABILITY = YES;
				ENABLE_USER_SCRIPT_SANDBOXING = YES;
				GCC_C_LANGUAGE_STANDARD = gnu17;
				GCC_DYNAMIC_NO_PIC = NO;
				GCC_NO_COMMON_BLOCKS = YES;
				GCC_OPTIMIZATION_LEVEL = 0;
				GCC_PREPROCESSOR_DEFINITIONS = (
					"DEBUG=1",
					"$(inherited)",
				);
				GCC_WARN_64_TO_32_BIT_CONVERSION = YES;
				GCC_WARN_ABOUT_RETURN_TYPE = YES_ERROR;
				GCC_WARN_UNDECLARED_SELECTOR = YES;
				GCC_WARN_UNINITIALIZED_AUTOS = YES_AGGRESSIVE;
				GCC_WARN_UNUSED_FUNCTION = YES;
				GCC_WARN_UNUSED_VARIABLE = YES;
				IPHONEOS_DEPLOYMENT_TARGET = 16.0;
				LOCALIZATION_PREFERS_STRING_CATALOGS = YES;
				MTL_ENABLE_DEBUG_INFO = INCLUDE_SOURCE;
				MTL_FAST_MATH = YES;
				ONLY_ACTIVE_ARCH = YES;
				SDKROOT = iphoneos;
				SWIFT_ACTIVE_COMPILATION_CONDITIONS = "DEBUG $(inherited)";
				SWIFT_OPTIMIZATION_LEVEL = "-Onone";
			};
			name = Debug;
		};
		479909832ABCCD550056753E /* Release */ = {
			isa = XCBuildConfiguration;
			buildSettings = {
				ALWAYS_SEARCH_USER_PATHS = NO;
				ASSETCATALOG_COMPILER_GENERATE_SWIFT_ASSET_SYMBOL_EXTENSIONS = YES;
				CLANG_ANALYZER_NONNULL = YES;
				CLANG_ANALYZER_NUMBER_OBJECT_CONVERSION = YES_AGGRESSIVE;
				CLANG_CXX_LANGUAGE_STANDARD = "gnu++20";
				CLANG_ENABLE_MODULES = YES;
				CLANG_ENABLE_OBJC_ARC = YES;
				CLANG_ENABLE_OBJC_WEAK = YES;
				CLANG_WARN_BLOCK_CAPTURE_AUTORELEASING = YES;
				CLANG_WARN_BOOL_CONVERSION = YES;
				CLANG_WARN_COMMA = YES;
				CLANG_WARN_CONSTANT_CONVERSION = YES;
				CLANG_WARN_DEPRECATED_OBJC_IMPLEMENTATIONS = YES;
				CLANG_WARN_DIRECT_OBJC_ISA_USAGE = YES_ERROR;
				CLANG_WARN_DOCUMENTATION_COMMENTS = YES;
				CLANG_WARN_EMPTY_BODY = YES;
				CLANG_WARN_ENUM_CONVERSION = YES;
				CLANG_WARN_INFINITE_RECURSION = YES;
				CLANG_WARN_INT_CONVERSION = YES;
				CLANG_WARN_NON_LITERAL_NULL_CONVERSION = YES;
				CLANG_WARN_OBJC_IMPLICIT_RETAIN_SELF = YES;
				CLANG_WARN_OBJC_LITERAL_CONVERSION = YES;
				CLANG_WARN_OBJC_ROOT_CLASS = YES_ERROR;
				CLANG_WARN_QUOTED_INCLUDE_IN_FRAMEWORK_HEADER = YES;
				CLANG_WARN_RANGE_LOOP_ANALYSIS = YES;
				CLANG_WARN_STRICT_PROTOTYPES = YES;
				CLANG_WARN_SUSPICIOUS_MOVE = YES;
				CLANG_WARN_UNGUARDED_AVAILABILITY = YES_AGGRESSIVE;
				CLANG_WARN_UNREACHABLE_CODE = YES;
				CLANG_WARN__DUPLICATE_METHOD_MATCH = YES;
				COPY_PHASE_STRIP = NO;
				DEBUG_INFORMATION_FORMAT = "dwarf-with-dsym";
				ENABLE_NS_ASSERTIONS = NO;
				ENABLE_STRICT_OBJC_MSGSEND = YES;
				ENABLE_USER_SCRIPT_SANDBOXING = YES;
				GCC_C_LANGUAGE_STANDARD = gnu17;
				GCC_NO_COMMON_BLOCKS = YES;
				GCC_WARN_64_TO_32_BIT_CONVERSION = YES;
				GCC_WARN_ABOUT_RETURN_TYPE = YES_ERROR;
				GCC_WARN_UNDECLARED_SELECTOR = YES;
				GCC_WARN_UNINITIALIZED_AUTOS = YES_AGGRESSIVE;
				GCC_WARN_UNUSED_FUNCTION = YES;
				GCC_WARN_UNUSED_VARIABLE = YES;
				IPHONEOS_DEPLOYMENT_TARGET = 16.0;
				LOCALIZATION_PREFERS_STRING_CATALOGS = YES;
				MTL_ENABLE_DEBUG_INFO = NO;
				MTL_FAST_MATH = YES;
				SDKROOT = iphoneos;
				SWIFT_COMPILATION_MODE = wholemodule;
				VALIDATE_PRODUCT = YES;
			};
			name = Release;
		};
		479909852ABCCD550056753E /* Debug */ = {
			isa = XCBuildConfiguration;
			buildSettings = {
				ASSETCATALOG_COMPILER_APPICON_NAME = AppIcon;
				ASSETCATALOG_COMPILER_GLOBAL_ACCENT_COLOR_NAME = AccentColor;
				CODE_SIGN_STYLE = Automatic;
				CURRENT_PROJECT_VERSION = 1;
				ENABLE_USER_SCRIPT_SANDBOXING = NO;
				GENERATE_INFOPLIST_FILE = YES;
				INFOPLIST_FILE = Reciplease/Ressources/Info.plist;
				INFOPLIST_KEY_UIApplicationSupportsIndirectInputEvents = YES;
				INFOPLIST_KEY_UILaunchStoryboardName = LaunchScreen;
				INFOPLIST_KEY_UIStatusBarStyle = "";
				INFOPLIST_KEY_UISupportedInterfaceOrientations = UIInterfaceOrientationPortrait;
				IPHONEOS_DEPLOYMENT_TARGET = 17.0;
				LD_RUNPATH_SEARCH_PATHS = (
					"$(inherited)",
					"@executable_path/Frameworks",
				);
				MARKETING_VERSION = 1.0;
				PRODUCT_BUNDLE_IDENTIFIER = pierrick.Reciplease;
				PRODUCT_NAME = "$(TARGET_NAME)";
				SUPPORTED_PLATFORMS = "iphoneos iphonesimulator";
				SUPPORTS_MACCATALYST = NO;
				SUPPORTS_MAC_DESIGNED_FOR_IPHONE_IPAD = NO;
				SWIFT_EMIT_LOC_STRINGS = YES;
				SWIFT_VERSION = 5.0;
				TARGETED_DEVICE_FAMILY = 1;
			};
			name = Debug;
		};
		479909862ABCCD550056753E /* Release */ = {
			isa = XCBuildConfiguration;
			buildSettings = {
				ASSETCATALOG_COMPILER_APPICON_NAME = AppIcon;
				ASSETCATALOG_COMPILER_GLOBAL_ACCENT_COLOR_NAME = AccentColor;
				CODE_SIGN_STYLE = Automatic;
				CURRENT_PROJECT_VERSION = 1;
				ENABLE_USER_SCRIPT_SANDBOXING = NO;
				GENERATE_INFOPLIST_FILE = YES;
				INFOPLIST_FILE = Reciplease/Ressources/Info.plist;
				INFOPLIST_KEY_UIApplicationSupportsIndirectInputEvents = YES;
				INFOPLIST_KEY_UILaunchStoryboardName = LaunchScreen;
				INFOPLIST_KEY_UIStatusBarStyle = "";
				INFOPLIST_KEY_UISupportedInterfaceOrientations = UIInterfaceOrientationPortrait;
				IPHONEOS_DEPLOYMENT_TARGET = 17.0;
				LD_RUNPATH_SEARCH_PATHS = (
					"$(inherited)",
					"@executable_path/Frameworks",
				);
				MARKETING_VERSION = 1.0;
				PRODUCT_BUNDLE_IDENTIFIER = pierrick.Reciplease;
				PRODUCT_NAME = "$(TARGET_NAME)";
				SUPPORTED_PLATFORMS = "iphoneos iphonesimulator";
				SUPPORTS_MACCATALYST = NO;
				SUPPORTS_MAC_DESIGNED_FOR_IPHONE_IPAD = NO;
				SWIFT_EMIT_LOC_STRINGS = YES;
				SWIFT_VERSION = 5.0;
				TARGETED_DEVICE_FAMILY = 1;
			};
			name = Release;
		};
		479909882ABCCD550056753E /* Debug */ = {
			isa = XCBuildConfiguration;
			buildSettings = {
				ALWAYS_EMBED_SWIFT_STANDARD_LIBRARIES = YES;
				BUNDLE_LOADER = "$(TEST_HOST)";
				CODE_SIGN_STYLE = Automatic;
				CURRENT_PROJECT_VERSION = 1;
				GENERATE_INFOPLIST_FILE = YES;
				IPHONEOS_DEPLOYMENT_TARGET = 17.0;
				MARKETING_VERSION = 1.0;
				PRODUCT_BUNDLE_IDENTIFIER = pierrick.RecipleaseTests;
				PRODUCT_NAME = "$(TARGET_NAME)";
				SWIFT_EMIT_LOC_STRINGS = NO;
				SWIFT_VERSION = 5.0;
				TARGETED_DEVICE_FAMILY = "1,2";
				TEST_HOST = "$(BUILT_PRODUCTS_DIR)/Reciplease.app/$(BUNDLE_EXECUTABLE_FOLDER_PATH)/Reciplease";
			};
			name = Debug;
		};
		479909892ABCCD550056753E /* Release */ = {
			isa = XCBuildConfiguration;
			buildSettings = {
				ALWAYS_EMBED_SWIFT_STANDARD_LIBRARIES = YES;
				BUNDLE_LOADER = "$(TEST_HOST)";
				CODE_SIGN_STYLE = Automatic;
				CURRENT_PROJECT_VERSION = 1;
				GENERATE_INFOPLIST_FILE = YES;
				IPHONEOS_DEPLOYMENT_TARGET = 17.0;
				MARKETING_VERSION = 1.0;
				PRODUCT_BUNDLE_IDENTIFIER = pierrick.RecipleaseTests;
				PRODUCT_NAME = "$(TARGET_NAME)";
				SWIFT_EMIT_LOC_STRINGS = NO;
				SWIFT_VERSION = 5.0;
				TARGETED_DEVICE_FAMILY = "1,2";
				TEST_HOST = "$(BUILT_PRODUCTS_DIR)/Reciplease.app/$(BUNDLE_EXECUTABLE_FOLDER_PATH)/Reciplease";
			};
			name = Release;
		};
		4799098B2ABCCD550056753E /* Debug */ = {
			isa = XCBuildConfiguration;
			buildSettings = {
				ALWAYS_EMBED_SWIFT_STANDARD_LIBRARIES = YES;
				CODE_SIGN_STYLE = Automatic;
				CURRENT_PROJECT_VERSION = 1;
				GENERATE_INFOPLIST_FILE = YES;
				IPHONEOS_DEPLOYMENT_TARGET = 17.0;
				MARKETING_VERSION = 1.0;
				PRODUCT_BUNDLE_IDENTIFIER = pierrick.RecipleaseUITests;
				PRODUCT_NAME = "$(TARGET_NAME)";
				SWIFT_EMIT_LOC_STRINGS = NO;
				SWIFT_VERSION = 5.0;
				TARGETED_DEVICE_FAMILY = "1,2";
				TEST_TARGET_NAME = Reciplease;
			};
			name = Debug;
		};
		4799098C2ABCCD550056753E /* Release */ = {
			isa = XCBuildConfiguration;
			buildSettings = {
				ALWAYS_EMBED_SWIFT_STANDARD_LIBRARIES = YES;
				CODE_SIGN_STYLE = Automatic;
				CURRENT_PROJECT_VERSION = 1;
				GENERATE_INFOPLIST_FILE = YES;
				IPHONEOS_DEPLOYMENT_TARGET = 17.0;
				MARKETING_VERSION = 1.0;
				PRODUCT_BUNDLE_IDENTIFIER = pierrick.RecipleaseUITests;
				PRODUCT_NAME = "$(TARGET_NAME)";
				SWIFT_EMIT_LOC_STRINGS = NO;
				SWIFT_VERSION = 5.0;
				TARGETED_DEVICE_FAMILY = "1,2";
				TEST_TARGET_NAME = Reciplease;
			};
			name = Release;
		};
/* End XCBuildConfiguration section */

/* Begin XCConfigurationList section */
		479909522ABCCD530056753E /* Build configuration list for PBXProject "Reciplease" */ = {
			isa = XCConfigurationList;
			buildConfigurations = (
				479909822ABCCD550056753E /* Debug */,
				479909832ABCCD550056753E /* Release */,
			);
			defaultConfigurationIsVisible = 0;
			defaultConfigurationName = Release;
		};
		479909842ABCCD550056753E /* Build configuration list for PBXNativeTarget "Reciplease" */ = {
			isa = XCConfigurationList;
			buildConfigurations = (
				479909852ABCCD550056753E /* Debug */,
				479909862ABCCD550056753E /* Release */,
			);
			defaultConfigurationIsVisible = 0;
			defaultConfigurationName = Release;
		};
		479909872ABCCD550056753E /* Build configuration list for PBXNativeTarget "RecipleaseTests" */ = {
			isa = XCConfigurationList;
			buildConfigurations = (
				479909882ABCCD550056753E /* Debug */,
				479909892ABCCD550056753E /* Release */,
			);
			defaultConfigurationIsVisible = 0;
			defaultConfigurationName = Release;
		};
		4799098A2ABCCD550056753E /* Build configuration list for PBXNativeTarget "RecipleaseUITests" */ = {
			isa = XCConfigurationList;
			buildConfigurations = (
				4799098B2ABCCD550056753E /* Debug */,
				4799098C2ABCCD550056753E /* Release */,
			);
			defaultConfigurationIsVisible = 0;
			defaultConfigurationName = Release;
		};
/* End XCConfigurationList section */

/* Begin XCRemoteSwiftPackageReference section */
		4738F11F2AC928FA0014FD09 /* XCRemoteSwiftPackageReference "Alamofire" */ = {
			isa = XCRemoteSwiftPackageReference;
			repositoryURL = "https://github.com/Alamofire/Alamofire";
			requirement = {
				kind = upToNextMajorVersion;
				minimumVersion = 5.8.0;
			};
		};
/* End XCRemoteSwiftPackageReference section */

/* Begin XCSwiftPackageProductDependency section */
		4738F1202AC928FA0014FD09 /* Alamofire */ = {
			isa = XCSwiftPackageProductDependency;
			package = 4738F11F2AC928FA0014FD09 /* XCRemoteSwiftPackageReference "Alamofire" */;
			productName = Alamofire;
		};
/* End XCSwiftPackageProductDependency section */

/* Begin XCVersionGroup section */
		479909632ABCCD540056753E /* Reciplease.xcdatamodeld */ = {
			isa = XCVersionGroup;
			children = (
				479909642ABCCD540056753E /* Reciplease.xcdatamodel */,
			);
			currentVersion = 479909642ABCCD540056753E /* Reciplease.xcdatamodel */;
			path = Reciplease.xcdatamodeld;
			sourceTree = "<group>";
			versionGroupType = wrapper.xcdatamodel;
		};
/* End XCVersionGroup section */
	};
	rootObject = 4799094F2ABCCD530056753E /* Project object */;
}
